// !$*UTF8*$!
{
	archiveVersion = 1;
	classes = {
	};
	objectVersion = 46;
	objects = {

/* Begin PBXBuildFile section */
		00A9B620187E5B93005B520C /* Foundation.framework in Frameworks */ = {isa = PBXBuildFile; fileRef = 00A9B61F187E5B93005B520C /* Foundation.framework */; };
		00A9B622187E5B93005B520C /* CoreGraphics.framework in Frameworks */ = {isa = PBXBuildFile; fileRef = 00A9B621187E5B93005B520C /* CoreGraphics.framework */; };
		00A9B624187E5B93005B520C /* UIKit.framework in Frameworks */ = {isa = PBXBuildFile; fileRef = 00A9B623187E5B93005B520C /* UIKit.framework */; };
		00A9B62A187E5B93005B520C /* InfoPlist.strings in Resources */ = {isa = PBXBuildFile; fileRef = 00A9B628187E5B93005B520C /* InfoPlist.strings */; };
		00A9B62C187E5B93005B520C /* main.m in Sources */ = {isa = PBXBuildFile; fileRef = 00A9B62B187E5B93005B520C /* main.m */; };
		00A9B630187E5B93005B520C /* AppDelegate.m in Sources */ = {isa = PBXBuildFile; fileRef = 00A9B62F187E5B93005B520C /* AppDelegate.m */; };
		00A9B633187E5B93005B520C /* Main.storyboard in Resources */ = {isa = PBXBuildFile; fileRef = 00A9B631187E5B93005B520C /* Main.storyboard */; };
		00A9B636187E5B93005B520C /* ViewController.m in Sources */ = {isa = PBXBuildFile; fileRef = 00A9B635187E5B93005B520C /* ViewController.m */; };
		00A9B638187E5B93005B520C /* Images.xcassets in Resources */ = {isa = PBXBuildFile; fileRef = 00A9B637187E5B93005B520C /* Images.xcassets */; };
		00A9B63F187E5B94005B520C /* XCTest.framework in Frameworks */ = {isa = PBXBuildFile; fileRef = 00A9B63E187E5B94005B520C /* XCTest.framework */; };
		00A9B640187E5B94005B520C /* Foundation.framework in Frameworks */ = {isa = PBXBuildFile; fileRef = 00A9B61F187E5B93005B520C /* Foundation.framework */; };
		00A9B641187E5B94005B520C /* UIKit.framework in Frameworks */ = {isa = PBXBuildFile; fileRef = 00A9B623187E5B93005B520C /* UIKit.framework */; };
		00A9B649187E5B94005B520C /* InfoPlist.strings in Resources */ = {isa = PBXBuildFile; fileRef = 00A9B647187E5B94005B520C /* InfoPlist.strings */; };
		00A9B64B187E5B94005B520C /* EX_1_2_1Tests.m in Sources */ = {isa = PBXBuildFile; fileRef = 00A9B64A187E5B94005B520C /* EX_1_2_1Tests.m */; };
		00A9B659187E5BD3005B520C /* Product.m in Sources */ = {isa = PBXBuildFile; fileRef = 00A9B656187E5BD3005B520C /* Product.m */; };
		00A9B65A187E5BD3005B520C /* ProductCell.m in Sources */ = {isa = PBXBuildFile; fileRef = 00A9B658187E5BD3005B520C /* ProductCell.m */; };
		00B30EE8187E77BE00379CFD /* baseball.jpeg in Resources */ = {isa = PBXBuildFile; fileRef = 00B30EE2187E77BE00379CFD /* baseball.jpeg */; };
		00B30EEA187E77BE00379CFD /* football.jpeg in Resources */ = {isa = PBXBuildFile; fileRef = 00B30EE4187E77BE00379CFD /* football.jpeg */; };
		00B30EEB187E77BE00379CFD /* rugbyball.jpeg in Resources */ = {isa = PBXBuildFile; fileRef = 00B30EE5187E77BE00379CFD /* rugbyball.jpeg */; };
		00B30EEC187E77BE00379CFD /* volleyball.jpeg in Resources */ = {isa = PBXBuildFile; fileRef = 00B30EE6187E77BE00379CFD /* volleyball.jpeg */; };
		00B30EEF187E784800379CFD /* Catalog.m in Sources */ = {isa = PBXBuildFile; fileRef = 00B30EEE187E784800379CFD /* Catalog.m */; };
		04C871FD1882A16500D84793 /* Cart.m in Sources */ = {isa = PBXBuildFile; fileRef = 04C871FC1882A16500D84793 /* Cart.m */; };
		04C872061882AB6D00D84793 /* CartItem.m in Sources */ = {isa = PBXBuildFile; fileRef = 04C872051882AB6D00D84793 /* CartItem.m */; };
		04C872161882EE3700D84793 /* CartCell.m in Sources */ = {isa = PBXBuildFile; fileRef = 04C872151882EE3700D84793 /* CartCell.m */; };
		04C9A8D21885C2A7009070DA /* ProductDetailViewController.m in Sources */ = {isa = PBXBuildFile; fileRef = 04C9A8D11885C2A7009070DA /* ProductDetailViewController.m */; };
		04CE52791885AC2900F4A2D5 /* add_to_cart.png in Resources */ = {isa = PBXBuildFile; fileRef = 04CE52781885AC2900F4A2D5 /* add_to_cart.png */; };
		04CE52841885B24B00F4A2D5 /* minus_blue.jpeg in Resources */ = {isa = PBXBuildFile; fileRef = 04CE52821885B24B00F4A2D5 /* minus_blue.jpeg */; };
		04CE52851885B24B00F4A2D5 /* plus_blue.jpeg in Resources */ = {isa = PBXBuildFile; fileRef = 04CE52831885B24B00F4A2D5 /* plus_blue.jpeg */; };
		04CE52871885B46200F4A2D5 /* Basketball.png in Resources */ = {isa = PBXBuildFile; fileRef = 04CE52861885B46200F4A2D5 /* Basketball.png */; };
		04CE52891885B4F700F4A2D5 /* blue_cart.jpeg in Resources */ = {isa = PBXBuildFile; fileRef = 04CE52881885B4F700F4A2D5 /* blue_cart.jpeg */; };
/* End PBXBuildFile section */

/* Begin PBXContainerItemProxy section */
		00A9B642187E5B94005B520C /* PBXContainerItemProxy */ = {
			isa = PBXContainerItemProxy;
			containerPortal = 00A9B614187E5B93005B520C /* Project object */;
			proxyType = 1;
			remoteGlobalIDString = 00A9B61B187E5B93005B520C;
			remoteInfo = EX_1_2_1;
		};
/* End PBXContainerItemProxy section */

/* Begin PBXFileReference section */
		00A9B61C187E5B93005B520C /* EX_1_2_1.app */ = {isa = PBXFileReference; explicitFileType = wrapper.application; includeInIndex = 0; path = EX_1_2_1.app; sourceTree = BUILT_PRODUCTS_DIR; };
		00A9B61F187E5B93005B520C /* Foundation.framework */ = {isa = PBXFileReference; lastKnownFileType = wrapper.framework; name = Foundation.framework; path = System/Library/Frameworks/Foundation.framework; sourceTree = SDKROOT; };
		00A9B621187E5B93005B520C /* CoreGraphics.framework */ = {isa = PBXFileReference; lastKnownFileType = wrapper.framework; name = CoreGraphics.framework; path = System/Library/Frameworks/CoreGraphics.framework; sourceTree = SDKROOT; };
		00A9B623187E5B93005B520C /* UIKit.framework */ = {isa = PBXFileReference; lastKnownFileType = wrapper.framework; name = UIKit.framework; path = System/Library/Frameworks/UIKit.framework; sourceTree = SDKROOT; };
		00A9B627187E5B93005B520C /* EX_1_2_1-Info.plist */ = {isa = PBXFileReference; lastKnownFileType = text.plist.xml; path = "EX_1_2_1-Info.plist"; sourceTree = "<group>"; };
		00A9B629187E5B93005B520C /* en */ = {isa = PBXFileReference; lastKnownFileType = text.plist.strings; name = en; path = en.lproj/InfoPlist.strings; sourceTree = "<group>"; };
		00A9B62B187E5B93005B520C /* main.m */ = {isa = PBXFileReference; lastKnownFileType = sourcecode.c.objc; path = main.m; sourceTree = "<group>"; };
		00A9B62D187E5B93005B520C /* EX_1_2_1-Prefix.pch */ = {isa = PBXFileReference; lastKnownFileType = sourcecode.c.h; path = "EX_1_2_1-Prefix.pch"; sourceTree = "<group>"; };
		00A9B62E187E5B93005B520C /* AppDelegate.h */ = {isa = PBXFileReference; lastKnownFileType = sourcecode.c.h; path = AppDelegate.h; sourceTree = "<group>"; };
		00A9B62F187E5B93005B520C /* AppDelegate.m */ = {isa = PBXFileReference; lastKnownFileType = sourcecode.c.objc; path = AppDelegate.m; sourceTree = "<group>"; };
		00A9B632187E5B93005B520C /* Base */ = {isa = PBXFileReference; lastKnownFileType = file.storyboard; name = Base; path = Base.lproj/Main.storyboard; sourceTree = "<group>"; };
		00A9B634187E5B93005B520C /* ViewController.h */ = {isa = PBXFileReference; lastKnownFileType = sourcecode.c.h; path = ViewController.h; sourceTree = "<group>"; };
		00A9B635187E5B93005B520C /* ViewController.m */ = {isa = PBXFileReference; lastKnownFileType = sourcecode.c.objc; path = ViewController.m; sourceTree = "<group>"; };
		00A9B637187E5B93005B520C /* Images.xcassets */ = {isa = PBXFileReference; lastKnownFileType = folder.assetcatalog; path = Images.xcassets; sourceTree = "<group>"; };
		00A9B63D187E5B94005B520C /* EX_1_2_1Tests.xctest */ = {isa = PBXFileReference; explicitFileType = wrapper.cfbundle; includeInIndex = 0; path = EX_1_2_1Tests.xctest; sourceTree = BUILT_PRODUCTS_DIR; };
		00A9B63E187E5B94005B520C /* XCTest.framework */ = {isa = PBXFileReference; lastKnownFileType = wrapper.framework; name = XCTest.framework; path = Library/Frameworks/XCTest.framework; sourceTree = DEVELOPER_DIR; };
		00A9B646187E5B94005B520C /* EX_1_2_1Tests-Info.plist */ = {isa = PBXFileReference; lastKnownFileType = text.plist.xml; path = "EX_1_2_1Tests-Info.plist"; sourceTree = "<group>"; };
		00A9B648187E5B94005B520C /* en */ = {isa = PBXFileReference; lastKnownFileType = text.plist.strings; name = en; path = en.lproj/InfoPlist.strings; sourceTree = "<group>"; };
		00A9B64A187E5B94005B520C /* EX_1_2_1Tests.m */ = {isa = PBXFileReference; lastKnownFileType = sourcecode.c.objc; path = EX_1_2_1Tests.m; sourceTree = "<group>"; };
		00A9B654187E5BB3005B520C /* Product.h */ = {isa = PBXFileReference; fileEncoding = 4; lastKnownFileType = sourcecode.c.h; path = Product.h; sourceTree = "<group>"; };
		00A9B656187E5BD3005B520C /* Product.m */ = {isa = PBXFileReference; fileEncoding = 4; lastKnownFileType = sourcecode.c.objc; path = Product.m; sourceTree = "<group>"; };
		00A9B657187E5BD3005B520C /* ProductCell.h */ = {isa = PBXFileReference; fileEncoding = 4; lastKnownFileType = sourcecode.c.h; path = ProductCell.h; sourceTree = "<group>"; };
		00A9B658187E5BD3005B520C /* ProductCell.m */ = {isa = PBXFileReference; fileEncoding = 4; lastKnownFileType = sourcecode.c.objc; path = ProductCell.m; sourceTree = "<group>"; };
		00B30EE2187E77BE00379CFD /* baseball.jpeg */ = {isa = PBXFileReference; lastKnownFileType = image.jpeg; path = baseball.jpeg; sourceTree = "<group>"; };
		00B30EE4187E77BE00379CFD /* football.jpeg */ = {isa = PBXFileReference; lastKnownFileType = image.jpeg; path = football.jpeg; sourceTree = "<group>"; };
		00B30EE5187E77BE00379CFD /* rugbyball.jpeg */ = {isa = PBXFileReference; lastKnownFileType = image.jpeg; path = rugbyball.jpeg; sourceTree = "<group>"; };
		00B30EE6187E77BE00379CFD /* volleyball.jpeg */ = {isa = PBXFileReference; lastKnownFileType = image.jpeg; path = volleyball.jpeg; sourceTree = "<group>"; };
		00B30EED187E784800379CFD /* Catalog.h */ = {isa = PBXFileReference; fileEncoding = 4; lastKnownFileType = sourcecode.c.h; path = Catalog.h; sourceTree = "<group>"; };
		00B30EEE187E784800379CFD /* Catalog.m */ = {isa = PBXFileReference; fileEncoding = 4; lastKnownFileType = sourcecode.c.objc; path = Catalog.m; sourceTree = "<group>"; };
		04C871FB1882A16500D84793 /* Cart.h */ = {isa = PBXFileReference; fileEncoding = 4; lastKnownFileType = sourcecode.c.h; path = Cart.h; sourceTree = "<group>"; };
		04C871FC1882A16500D84793 /* Cart.m */ = {isa = PBXFileReference; fileEncoding = 4; lastKnownFileType = sourcecode.c.objc; path = Cart.m; sourceTree = "<group>"; };
		04C872041882AB6D00D84793 /* CartItem.h */ = {isa = PBXFileReference; fileEncoding = 4; lastKnownFileType = sourcecode.c.h; path = CartItem.h; sourceTree = "<group>"; };
		04C872051882AB6D00D84793 /* CartItem.m */ = {isa = PBXFileReference; fileEncoding = 4; lastKnownFileType = sourcecode.c.objc; path = CartItem.m; sourceTree = "<group>"; };
		04C872101882C56300D84793 /* CartDelegate.h */ = {isa = PBXFileReference; lastKnownFileType = sourcecode.c.h; path = CartDelegate.h; sourceTree = "<group>"; };
		04C872141882EE3700D84793 /* CartCell.h */ = {isa = PBXFileReference; fileEncoding = 4; lastKnownFileType = sourcecode.c.h; path = CartCell.h; sourceTree = "<group>"; };
		04C872151882EE3700D84793 /* CartCell.m */ = {isa = PBXFileReference; fileEncoding = 4; lastKnownFileType = sourcecode.c.objc; path = CartCell.m; sourceTree = "<group>"; };
		04C9A8D01885C2A7009070DA /* ProductDetailViewController.h */ = {isa = PBXFileReference; fileEncoding = 4; lastKnownFileType = sourcecode.c.h; path = ProductDetailViewController.h; sourceTree = "<group>"; };
		04C9A8D11885C2A7009070DA /* ProductDetailViewController.m */ = {isa = PBXFileReference; fileEncoding = 4; lastKnownFileType = sourcecode.c.objc; path = ProductDetailViewController.m; sourceTree = "<group>"; };
		04CE52781885AC2900F4A2D5 /* add_to_cart.png */ = {isa = PBXFileReference; lastKnownFileType = image.png; path = add_to_cart.png; sourceTree = "<group>"; };
		04CE52821885B24B00F4A2D5 /* minus_blue.jpeg */ = {isa = PBXFileReference; lastKnownFileType = image.jpeg; path = minus_blue.jpeg; sourceTree = "<group>"; };
		04CE52831885B24B00F4A2D5 /* plus_blue.jpeg */ = {isa = PBXFileReference; lastKnownFileType = image.jpeg; path = plus_blue.jpeg; sourceTree = "<group>"; };
		04CE52861885B46200F4A2D5 /* Basketball.png */ = {isa = PBXFileReference; lastKnownFileType = image.png; path = Basketball.png; sourceTree = "<group>"; };
		04CE52881885B4F700F4A2D5 /* blue_cart.jpeg */ = {isa = PBXFileReference; lastKnownFileType = image.jpeg; path = blue_cart.jpeg; sourceTree = "<group>"; };
/* End PBXFileReference section */

/* Begin PBXFrameworksBuildPhase section */
		00A9B619187E5B93005B520C /* Frameworks */ = {
			isa = PBXFrameworksBuildPhase;
			buildActionMask = 2147483647;
			files = (
				00A9B622187E5B93005B520C /* CoreGraphics.framework in Frameworks */,
				00A9B624187E5B93005B520C /* UIKit.framework in Frameworks */,
				00A9B620187E5B93005B520C /* Foundation.framework in Frameworks */,
			);
			runOnlyForDeploymentPostprocessing = 0;
		};
		00A9B63A187E5B94005B520C /* Frameworks */ = {
			isa = PBXFrameworksBuildPhase;
			buildActionMask = 2147483647;
			files = (
				00A9B63F187E5B94005B520C /* XCTest.framework in Frameworks */,
				00A9B641187E5B94005B520C /* UIKit.framework in Frameworks */,
				00A9B640187E5B94005B520C /* Foundation.framework in Frameworks */,
			);
			runOnlyForDeploymentPostprocessing = 0;
		};
/* End PBXFrameworksBuildPhase section */

/* Begin PBXGroup section */
		00A9B613187E5B93005B520C = {
			isa = PBXGroup;
			children = (
				00B30EE0187E777400379CFD /* Res */,
				00A9B625187E5B93005B520C /* EX_1_2_1 */,
				00A9B644187E5B94005B520C /* EX_1_2_1Tests */,
				00A9B61E187E5B93005B520C /* Frameworks */,
				00A9B61D187E5B93005B520C /* Products */,
			);
			sourceTree = "<group>";
		};
		00A9B61D187E5B93005B520C /* Products */ = {
			isa = PBXGroup;
			children = (
				00A9B61C187E5B93005B520C /* EX_1_2_1.app */,
				00A9B63D187E5B94005B520C /* EX_1_2_1Tests.xctest */,
			);
			name = Products;
			sourceTree = "<group>";
		};
		00A9B61E187E5B93005B520C /* Frameworks */ = {
			isa = PBXGroup;
			children = (
				00A9B61F187E5B93005B520C /* Foundation.framework */,
				00A9B621187E5B93005B520C /* CoreGraphics.framework */,
				00A9B623187E5B93005B520C /* UIKit.framework */,
				00A9B63E187E5B94005B520C /* XCTest.framework */,
			);
			name = Frameworks;
			sourceTree = "<group>";
		};
		00A9B625187E5B93005B520C /* EX_1_2_1 */ = {
			isa = PBXGroup;
			children = (
				04C9A8CF1885BF61009070DA /* product */,
				04C9A8CE1885BF54009070DA /* cart */,
				00A9B62E187E5B93005B520C /* AppDelegate.h */,
				00A9B62F187E5B93005B520C /* AppDelegate.m */,
				00A9B631187E5B93005B520C /* Main.storyboard */,
				04C9A8D01885C2A7009070DA /* ProductDetailViewController.h */,
				04C9A8D11885C2A7009070DA /* ProductDetailViewController.m */,
				00A9B634187E5B93005B520C /* ViewController.h */,
				00A9B635187E5B93005B520C /* ViewController.m */,
				00A9B637187E5B93005B520C /* Images.xcassets */,
				00A9B626187E5B93005B520C /* Supporting Files */,
			);
			path = EX_1_2_1;
			sourceTree = "<group>";
		};
		00A9B626187E5B93005B520C /* Supporting Files */ = {
			isa = PBXGroup;
			children = (
				00A9B627187E5B93005B520C /* EX_1_2_1-Info.plist */,
				00A9B628187E5B93005B520C /* InfoPlist.strings */,
				00A9B62B187E5B93005B520C /* main.m */,
				00A9B62D187E5B93005B520C /* EX_1_2_1-Prefix.pch */,
			);
			name = "Supporting Files";
			sourceTree = "<group>";
		};
		00A9B644187E5B94005B520C /* EX_1_2_1Tests */ = {
			isa = PBXGroup;
			children = (
				00A9B64A187E5B94005B520C /* EX_1_2_1Tests.m */,
				00A9B645187E5B94005B520C /* Supporting Files */,
			);
			path = EX_1_2_1Tests;
			sourceTree = "<group>";
		};
		00A9B645187E5B94005B520C /* Supporting Files */ = {
			isa = PBXGroup;
			children = (
				00A9B646187E5B94005B520C /* EX_1_2_1Tests-Info.plist */,
				00A9B647187E5B94005B520C /* InfoPlist.strings */,
			);
			name = "Supporting Files";
			sourceTree = "<group>";
		};
		00B30EE0187E777400379CFD /* Res */ = {
			isa = PBXGroup;
			children = (
				04CE52821885B24B00F4A2D5 /* minus_blue.jpeg */,
				04CE52831885B24B00F4A2D5 /* plus_blue.jpeg */,
				00B30EE2187E77BE00379CFD /* baseball.jpeg */,
				04CE52781885AC2900F4A2D5 /* add_to_cart.png */,
				04CE52881885B4F700F4A2D5 /* blue_cart.jpeg */,
				04CE52861885B46200F4A2D5 /* Basketball.png */,
				00B30EE4187E77BE00379CFD /* football.jpeg */,
				00B30EE5187E77BE00379CFD /* rugbyball.jpeg */,
				00B30EE6187E77BE00379CFD /* volleyball.jpeg */,
			);
			name = Res;
			sourceTree = "<group>";
		};
		04C9A8CE1885BF54009070DA /* cart */ = {
			isa = PBXGroup;
			children = (
				04C871FB1882A16500D84793 /* Cart.h */,
				04C871FC1882A16500D84793 /* Cart.m */,
				04C872041882AB6D00D84793 /* CartItem.h */,
				04C872051882AB6D00D84793 /* CartItem.m */,
				04C872101882C56300D84793 /* CartDelegate.h */,
				04C872141882EE3700D84793 /* CartCell.h */,
				04C872151882EE3700D84793 /* CartCell.m */,
			);
			name = cart;
			sourceTree = "<group>";
		};
		04C9A8CF1885BF61009070DA /* product */ = {
			isa = PBXGroup;
			children = (
				00A9B656187E5BD3005B520C /* Product.m */,
				00A9B657187E5BD3005B520C /* ProductCell.h */,
				00A9B658187E5BD3005B520C /* ProductCell.m */,
				00B30EED187E784800379CFD /* Catalog.h */,
				00B30EEE187E784800379CFD /* Catalog.m */,
				00A9B654187E5BB3005B520C /* Product.h */,
			);
			name = product;
			sourceTree = "<group>";
		};
/* End PBXGroup section */

/* Begin PBXNativeTarget section */
		00A9B61B187E5B93005B520C /* EX_1_2_1 */ = {
			isa = PBXNativeTarget;
			buildConfigurationList = 00A9B64E187E5B94005B520C /* Build configuration list for PBXNativeTarget "EX_1_2_1" */;
			buildPhases = (
				00A9B618187E5B93005B520C /* Sources */,
				00A9B619187E5B93005B520C /* Frameworks */,
				00A9B61A187E5B93005B520C /* Resources */,
			);
			buildRules = (
			);
			dependencies = (
			);
			name = EX_1_2_1;
			productName = EX_1_2_1;
			productReference = 00A9B61C187E5B93005B520C /* EX_1_2_1.app */;
			productType = "com.apple.product-type.application";
		};
		00A9B63C187E5B94005B520C /* EX_1_2_1Tests */ = {
			isa = PBXNativeTarget;
			buildConfigurationList = 00A9B651187E5B94005B520C /* Build configuration list for PBXNativeTarget "EX_1_2_1Tests" */;
			buildPhases = (
				00A9B639187E5B94005B520C /* Sources */,
				00A9B63A187E5B94005B520C /* Frameworks */,
				00A9B63B187E5B94005B520C /* Resources */,
			);
			buildRules = (
			);
			dependencies = (
				00A9B643187E5B94005B520C /* PBXTargetDependency */,
			);
			name = EX_1_2_1Tests;
			productName = EX_1_2_1Tests;
			productReference = 00A9B63D187E5B94005B520C /* EX_1_2_1Tests.xctest */;
			productType = "com.apple.product-type.bundle.unit-test";
		};
/* End PBXNativeTarget section */

/* Begin PBXProject section */
		00A9B614187E5B93005B520C /* Project object */ = {
			isa = PBXProject;
			attributes = {
				LastUpgradeCheck = 0500;
				ORGANIZATIONNAME = steve;
				TargetAttributes = {
					00A9B63C187E5B94005B520C = {
						TestTargetID = 00A9B61B187E5B93005B520C;
					};
				};
			};
			buildConfigurationList = 00A9B617187E5B93005B520C /* Build configuration list for PBXProject "EX_1_2_1" */;
			compatibilityVersion = "Xcode 3.2";
			developmentRegion = English;
			hasScannedForEncodings = 0;
			knownRegions = (
				en,
				Base,
			);
			mainGroup = 00A9B613187E5B93005B520C;
			productRefGroup = 00A9B61D187E5B93005B520C /* Products */;
			projectDirPath = "";
			projectRoot = "";
			targets = (
				00A9B61B187E5B93005B520C /* EX_1_2_1 */,
				00A9B63C187E5B94005B520C /* EX_1_2_1Tests */,
			);
		};
/* End PBXProject section */

/* Begin PBXResourcesBuildPhase section */
		00A9B61A187E5B93005B520C /* Resources */ = {
			isa = PBXResourcesBuildPhase;
			buildActionMask = 2147483647;
			files = (
				04CE52791885AC2900F4A2D5 /* add_to_cart.png in Resources */,
				00B30EE8187E77BE00379CFD /* baseball.jpeg in Resources */,
				00A9B638187E5B93005B520C /* Images.xcassets in Resources */,
				04CE52891885B4F700F4A2D5 /* blue_cart.jpeg in Resources */,
				00A9B62A187E5B93005B520C /* InfoPlist.strings in Resources */,
				04CE52841885B24B00F4A2D5 /* minus_blue.jpeg in Resources */,
				04CE52871885B46200F4A2D5 /* Basketball.png in Resources */,
				00B30EEA187E77BE00379CFD /* football.jpeg in Resources */,
				00A9B633187E5B93005B520C /* Main.storyboard in Resources */,
				00B30EEC187E77BE00379CFD /* volleyball.jpeg in Resources */,
				04CE52851885B24B00F4A2D5 /* plus_blue.jpeg in Resources */,
				00B30EEB187E77BE00379CFD /* rugbyball.jpeg in Resources */,
			);
			runOnlyForDeploymentPostprocessing = 0;
		};
		00A9B63B187E5B94005B520C /* Resources */ = {
			isa = PBXResourcesBuildPhase;
			buildActionMask = 2147483647;
			files = (
				00A9B649187E5B94005B520C /* InfoPlist.strings in Resources */,
			);
			runOnlyForDeploymentPostprocessing = 0;
		};
/* End PBXResourcesBuildPhase section */

/* Begin PBXSourcesBuildPhase section */
		00A9B618187E5B93005B520C /* Sources */ = {
			isa = PBXSourcesBuildPhase;
			buildActionMask = 2147483647;
			files = (
				04C872161882EE3700D84793 /* CartCell.m in Sources */,
				04C9A8D21885C2A7009070DA /* ProductDetailViewController.m in Sources */,
				04C871FD1882A16500D84793 /* Cart.m in Sources */,
				00A9B65A187E5BD3005B520C /* ProductCell.m in Sources */,
				00A9B636187E5B93005B520C /* ViewController.m in Sources */,
				00A9B659187E5BD3005B520C /* Product.m in Sources */,
				00A9B630187E5B93005B520C /* AppDelegate.m in Sources */,
				00A9B62C187E5B93005B520C /* main.m in Sources */,
				04C872061882AB6D00D84793 /* CartItem.m in Sources */,
				00B30EEF187E784800379CFD /* Catalog.m in Sources */,
			);
			runOnlyForDeploymentPostprocessing = 0;
		};
		00A9B639187E5B94005B520C /* Sources */ = {
			isa = PBXSourcesBuildPhase;
			buildActionMask = 2147483647;
			files = (
				00A9B64B187E5B94005B520C /* EX_1_2_1Tests.m in Sources */,
			);
			runOnlyForDeploymentPostprocessing = 0;
		};
/* End PBXSourcesBuildPhase section */

/* Begin PBXTargetDependency section */
		00A9B643187E5B94005B520C /* PBXTargetDependency */ = {
			isa = PBXTargetDependency;
			target = 00A9B61B187E5B93005B520C /* EX_1_2_1 */;
			targetProxy = 00A9B642187E5B94005B520C /* PBXContainerItemProxy */;
		};
/* End PBXTargetDependency section */

/* Begin PBXVariantGroup section */
		00A9B628187E5B93005B520C /* InfoPlist.strings */ = {
			isa = PBXVariantGroup;
			children = (
				00A9B629187E5B93005B520C /* en */,
			);
			name = InfoPlist.strings;
			sourceTree = "<group>";
		};
		00A9B631187E5B93005B520C /* Main.storyboard */ = {
			isa = PBXVariantGroup;
			children = (
				00A9B632187E5B93005B520C /* Base */,
			);
			name = Main.storyboard;
			sourceTree = "<group>";
		};
		00A9B647187E5B94005B520C /* InfoPlist.strings */ = {
			isa = PBXVariantGroup;
			children = (
				00A9B648187E5B94005B520C /* en */,
			);
			name = InfoPlist.strings;
			sourceTree = "<group>";
		};
/* End PBXVariantGroup section */

/* Begin XCBuildConfiguration section */
		00A9B64C187E5B94005B520C /* Debug */ = {
			isa = XCBuildConfiguration;
			buildSettings = {
				ALWAYS_SEARCH_USER_PATHS = NO;
				ARCHS = "$(ARCHS_STANDARD_INCLUDING_64_BIT)";
				CLANG_CXX_LANGUAGE_STANDARD = "gnu++0x";
				CLANG_CXX_LIBRARY = "libc++";
				CLANG_ENABLE_MODULES = YES;
				CLANG_ENABLE_OBJC_ARC = YES;
				CLANG_WARN_BOOL_CONVERSION = YES;
				CLANG_WARN_CONSTANT_CONVERSION = YES;
				CLANG_WARN_DIRECT_OBJC_ISA_USAGE = YES_ERROR;
				CLANG_WARN_EMPTY_BODY = YES;
				CLANG_WARN_ENUM_CONVERSION = YES;
				CLANG_WARN_INT_CONVERSION = YES;
				CLANG_WARN_OBJC_ROOT_CLASS = YES_ERROR;
				CLANG_WARN__DUPLICATE_METHOD_MATCH = YES;
				"CODE_SIGN_IDENTITY[sdk=iphoneos*]" = "iPhone Developer";
				COPY_PHASE_STRIP = NO;
				GCC_C_LANGUAGE_STANDARD = gnu99;
				GCC_DYNAMIC_NO_PIC = NO;
				GCC_OPTIMIZATION_LEVEL = 0;
				GCC_PREPROCESSOR_DEFINITIONS = (
					"DEBUG=1",
					"$(inherited)",
				);
				GCC_SYMBOLS_PRIVATE_EXTERN = NO;
				GCC_WARN_64_TO_32_BIT_CONVERSION = YES;
				GCC_WARN_ABOUT_RETURN_TYPE = YES_ERROR;
				GCC_WARN_UNDECLARED_SELECTOR = YES;
				GCC_WARN_UNINITIALIZED_AUTOS = YES;
				GCC_WARN_UNUSED_FUNCTION = YES;
				GCC_WARN_UNUSED_VARIABLE = YES;
				IPHONEOS_DEPLOYMENT_TARGET = 7.0;
				ONLY_ACTIVE_ARCH = YES;
				SDKROOT = iphoneos;
			};
			name = Debug;
		};
		00A9B64D187E5B94005B520C /* Release */ = {
			isa = XCBuildConfiguration;
			buildSettings = {
				ALWAYS_SEARCH_USER_PATHS = NO;
				ARCHS = "$(ARCHS_STANDARD_INCLUDING_64_BIT)";
				CLANG_CXX_LANGUAGE_STANDARD = "gnu++0x";
				CLANG_CXX_LIBRARY = "libc++";
				CLANG_ENABLE_MODULES = YES;
				CLANG_ENABLE_OBJC_ARC = YES;
				CLANG_WARN_BOOL_CONVERSION = YES;
				CLANG_WARN_CONSTANT_CONVERSION = YES;
				CLANG_WARN_DIRECT_OBJC_ISA_USAGE = YES_ERROR;
				CLANG_WARN_EMPTY_BODY = YES;
				CLANG_WARN_ENUM_CONVERSION = YES;
				CLANG_WARN_INT_CONVERSION = YES;
				CLANG_WARN_OBJC_ROOT_CLASS = YES_ERROR;
				CLANG_WARN__DUPLICATE_METHOD_MATCH = YES;
				"CODE_SIGN_IDENTITY[sdk=iphoneos*]" = "iPhone Developer";
				COPY_PHASE_STRIP = YES;
				ENABLE_NS_ASSERTIONS = NO;
				GCC_C_LANGUAGE_STANDARD = gnu99;
				GCC_WARN_64_TO_32_BIT_CONVERSION = YES;
				GCC_WARN_ABOUT_RETURN_TYPE = YES_ERROR;
				GCC_WARN_UNDECLARED_SELECTOR = YES;
				GCC_WARN_UNINITIALIZED_AUTOS = YES;
				GCC_WARN_UNUSED_FUNCTION = YES;
				GCC_WARN_UNUSED_VARIABLE = YES;
				IPHONEOS_DEPLOYMENT_TARGET = 7.0;
				SDKROOT = iphoneos;
				VALIDATE_PRODUCT = YES;
			};
			name = Release;
		};
		00A9B64F187E5B94005B520C /* Debug */ = {
			isa = XCBuildConfiguration;
			buildSettings = {
				ASSETCATALOG_COMPILER_APPICON_NAME = AppIcon;
				ASSETCATALOG_COMPILER_LAUNCHIMAGE_NAME = LaunchImage;
				GCC_PRECOMPILE_PREFIX_HEADER = YES;
				GCC_PREFIX_HEADER = "EX_1_2_1/EX_1_2_1-Prefix.pch";
				INFOPLIST_FILE = "EX_1_2_1/EX_1_2_1-Info.plist";
				PRODUCT_NAME = "$(TARGET_NAME)";
				WRAPPER_EXTENSION = app;
			};
			name = Debug;
		};
		00A9B650187E5B94005B520C /* Release */ = {
			isa = XCBuildConfiguration;
			buildSettings = {
				ASSETCATALOG_COMPILER_APPICON_NAME = AppIcon;
				ASSETCATALOG_COMPILER_LAUNCHIMAGE_NAME = LaunchImage;
				GCC_PRECOMPILE_PREFIX_HEADER = YES;
				GCC_PREFIX_HEADER = "EX_1_2_1/EX_1_2_1-Prefix.pch";
				INFOPLIST_FILE = "EX_1_2_1/EX_1_2_1-Info.plist";
				PRODUCT_NAME = "$(TARGET_NAME)";
				WRAPPER_EXTENSION = app;
			};
			name = Release;
		};
		00A9B652187E5B94005B520C /* Debug */ = {
			isa = XCBuildConfiguration;
			buildSettings = {
				ARCHS = "$(ARCHS_STANDARD_INCLUDING_64_BIT)";
				BUNDLE_LOADER = "$(BUILT_PRODUCTS_DIR)/EX_1_2_1.app/EX_1_2_1";
				FRAMEWORK_SEARCH_PATHS = (
					"$(SDKROOT)/Developer/Library/Frameworks",
					"$(inherited)",
					"$(DEVELOPER_FRAMEWORKS_DIR)",
				);
				GCC_PRECOMPILE_PREFIX_HEADER = YES;
				GCC_PREFIX_HEADER = "EX_1_2_1/EX_1_2_1-Prefix.pch";
				GCC_PREPROCESSOR_DEFINITIONS = (
					"DEBUG=1",
					"$(inherited)",
				);
				INFOPLIST_FILE = "EX_1_2_1Tests/EX_1_2_1Tests-Info.plist";
				PRODUCT_NAME = "$(TARGET_NAME)";
				TEST_HOST = "$(BUNDLE_LOADER)";
				WRAPPER_EXTENSION = xctest;
			};
			name = Debug;
		};
		00A9B653187E5B94005B520C /* Release */ = {
			isa = XCBuildConfiguration;
			buildSettings = {
				ARCHS = "$(ARCHS_STANDARD_INCLUDING_64_BIT)";
				BUNDLE_LOADER = "$(BUILT_PRODUCTS_DIR)/EX_1_2_1.app/EX_1_2_1";
				FRAMEWORK_SEARCH_PATHS = (
					"$(SDKROOT)/Developer/Library/Frameworks",
					"$(inherited)",
					"$(DEVELOPER_FRAMEWORKS_DIR)",
				);
				GCC_PRECOMPILE_PREFIX_HEADER = YES;
				GCC_PREFIX_HEADER = "EX_1_2_1/EX_1_2_1-Prefix.pch";
				INFOPLIST_FILE = "EX_1_2_1Tests/EX_1_2_1Tests-Info.plist";
				PRODUCT_NAME = "$(TARGET_NAME)";
				TEST_HOST = "$(BUNDLE_LOADER)";
				WRAPPER_EXTENSION = xctest;
			};
			name = Release;
		};
/* End XCBuildConfiguration section */

/* Begin XCConfigurationList section */
		00A9B617187E5B93005B520C /* Build configuration list for PBXProject "EX_1_2_1" */ = {
			isa = XCConfigurationList;
			buildConfigurations = (
				00A9B64C187E5B94005B520C /* Debug */,
				00A9B64D187E5B94005B520C /* Release */,
			);
			defaultConfigurationIsVisible = 0;
			defaultConfigurationName = Release;
		};
		00A9B64E187E5B94005B520C /* Build configuration list for PBXNativeTarget "EX_1_2_1" */ = {
			isa = XCConfigurationList;
			buildConfigurations = (
				00A9B64F187E5B94005B520C /* Debug */,
				00A9B650187E5B94005B520C /* Release */,
			);
			defaultConfigurationIsVisible = 0;
			defaultConfigurationName = Release;
		};
		00A9B651187E5B94005B520C /* Build configuration list for PBXNativeTarget "EX_1_2_1Tests" */ = {
			isa = XCConfigurationList;
			buildConfigurations = (
				00A9B652187E5B94005B520C /* Debug */,
				00A9B653187E5B94005B520C /* Release */,
			);
			defaultConfigurationIsVisible = 0;
			defaultConfigurationName = Release;
		};
/* End XCConfigurationList section */
	};
	rootObject = 00A9B614187E5B93005B520C /* Project object */;
}
